
Microsoft Visual Studio Solution File, Format Version 12.00
# Visual Studio Version 17
VisualStudioVersion = 17.12.35424.110
MinimumVisualStudioVersion = 10.0.40219.1
Project("{FAE04EC0-301F-11D3-BF4B-00C04F79EFBC}") = "AzureVmSkuHelper", "AzureVmSkuHelper\AzureVmSkuHelper.csproj", "{C5E5CFC7-5716-4964-AAA1-49C02B785200}"
EndProject
Global
	GlobalSection(SolutionConfigurationPlatforms) = preSolution
		Debug|Any CPU = Debug|Any CPU
		Release|Any CPU = Release|Any CPU
	EndGlobalSection
	GlobalSection(ProjectConfigurationPlatforms) = postSolution
		{C5E5CFC7-5716-4964-AAA1-49C02B785200}.Debug|Any CPU.ActiveCfg = Debug|Any CPU
		{C5E5CFC7-5716-4964-AAA1-49C02B785200}.Debug|Any CPU.Build.0 = Debug|Any CPU
		{C5E5CFC7-5716-4964-AAA1-49C02B785200}.Release|Any CPU.ActiveCfg = Release|Any CPU
		{C5E5CFC7-5716-4964-AAA1-49C02B785200}.Release|Any CPU.Build.0 = Release|Any CPU
	EndGlobalSection
	GlobalSection(SolutionProperties) = preSolution
		HideSolutionNode = FALSE
	EndGlobalSection
EndGlobal
